
Microsoft Visual Studio Solution File, Format Version 11.00
# Visual Studio 2010
Project("{FAE04EC0-301F-11D3-BF4B-00C04F79EFBC}") = "Assembly-CSharp", "Assembly-CSharp.csproj", "{d0355136-80fe-7784-c2d5-a30d0a9f9cda}"
EndProject
Project("{FAE04EC0-301F-11D3-BF4B-00C04F79EFBC}") = "Assembly-CSharp-Editor", "Assembly-CSharp-Editor.csproj", "{91b093d6-d17c-afec-7d9d-afd9cd3d78e1}"
EndProject
Global
	GlobalSection(SolutionConfigurationPlatforms) = preSolution
		Debug|Any CPU = Debug|Any CPU
	EndGlobalSection
	GlobalSection(ProjectConfigurationPlatforms) = postSolution
		{d0355136-80fe-7784-c2d5-a30d0a9f9cda}.Debug|Any CPU.ActiveCfg = Debug|Any CPU
		{d0355136-80fe-7784-c2d5-a30d0a9f9cda}.Debug|Any CPU.Build.0 = Debug|Any CPU
		{91b093d6-d17c-afec-7d9d-afd9cd3d78e1}.Debug|Any CPU.ActiveCfg = Debug|Any CPU
		{91b093d6-d17c-afec-7d9d-afd9cd3d78e1}.Debug|Any CPU.Build.0 = Debug|Any CPU
	EndGlobalSection
	GlobalSection(SolutionProperties) = preSolution
		HideSolutionNode = FALSE
	EndGlobalSection
EndGlobal
